<?xml version="1.0" encoding="utf-8"?>
<Project ToolsVersion="4.0" xmlns="http://schemas.microsoft.com/developer/msbuild/2003">
  <ItemGroup>
    <Filter Include="Arquivos de Recurso">
      <UniqueIdentifier>{67DA6AB6-F800-4c08-8B7A-83BB121AAD01}</UniqueIdentifier>
      <Extensions>rc;ico;cur;bmp;dlg;rc2;rct;bin;rgs;gif;jpg;jpeg;jpe;resx;tiff;tif;png;wav;mfcribbon-ms</Extensions>
    </Filter>
    <Filter Include="BaseEngine">
      <UniqueIdentifier>{97a6bbbd-e9f4-4bd9-b935-3cd624e5660d}</UniqueIdentifier>
    </Filter>
    <Filter Include="BaseEngine\main">
      <UniqueIdentifier>{5bd06873-a3b4-4008-8a31-18a5115526f5}</UniqueIdentifier>
    </Filter>
    <Filter Include="BaseEngine\OPENGL">
      <UniqueIdentifier>{4cc29f83-f846-4053-b8fb-1f79345d7be3}</UniqueIdentifier>
    </Filter>
    <Filter Include="BaseEngine\OPENGL\shader">
      <UniqueIdentifier>{7c05b330-7bcc-4aec-85bf-7115088a9282}</UniqueIdentifier>
    </Filter>
    <Filter Include="BaseEngine\OPENGL\texture">
      <UniqueIdentifier>{b891de55-f8b3-4bbe-a361-b4ee9138ddd4}</UniqueIdentifier>
    </Filter>
    <Filter Include="BaseEngine\OPENGL\meshs">
      <UniqueIdentifier>{f13aa049-c37b-468c-b1e7-21bf266a21cf}</UniqueIdentifier>
    </Filter>
    <Filter Include="BaseEngine\OPENGL\meshs\plane">
      <UniqueIdentifier>{025b0fe3-ae4f-4c47-a567-5bd9cba9ecad}</UniqueIdentifier>
    </Filter>
    <Filter Include="BaseEngine\OPENGL\transform">
      <UniqueIdentifier>{3f059df3-ff77-438d-b9aa-0cd2012c208b}</UniqueIdentifier>
    </Filter>
    <Filter Include="BaseEngine\OPENGL\window">
      <UniqueIdentifier>{d5681c82-3158-4851-82db-f5ba7211413b}</UniqueIdentifier>
    </Filter>
    <Filter Include="BaseEngine\OPENGL\camera">
      <UniqueIdentifier>{3d7527c0-095d-4801-9c6c-da16bb8e1c84}</UniqueIdentifier>
    </Filter>
    <Filter Include="BaseEngine\gameEngine">
      <UniqueIdentifier>{2d3b9f6f-26ae-4edb-be74-efa182f557d4}</UniqueIdentifier>
    </Filter>
    <Filter Include="BaseEngine\gameEngine\GameManager">
      <UniqueIdentifier>{3a01bc62-59e8-419e-a9ee-09eaa89956e4}</UniqueIdentifier>
    </Filter>
    <Filter Include="BaseEngine\gameEngine\Game">
      <UniqueIdentifier>{2fe4073b-98ef-4b3e-a23e-8ae55334e7ef}</UniqueIdentifier>
    </Filter>
    <Filter Include="BaseEngine\gameEngine\myGameScripts">
      <UniqueIdentifier>{1b0054b7-b59c-4bf5-bdce-da9baffd8d0a}</UniqueIdentifier>
    </Filter>
    <Filter Include="BaseEngine\gameEngine\myGameScripts\player">
      <UniqueIdentifier>{79278d0e-9435-45b2-b221-2273929c5c7b}</UniqueIdentifier>
    </Filter>
    <Filter Include="BaseEngine\OPENGL\sprite">
      <UniqueIdentifier>{e8d19622-afe3-4d9d-bca9-464be10d1cf1}</UniqueIdentifier>
    </Filter>
  </ItemGroup>
  <ItemGroup>
    <ClCompile Include="glad.c">
      <Filter>Arquivos de Recurso</Filter>
    </ClCompile>
    <ClCompile Include="main.cpp">
      <Filter>BaseEngine\main</Filter>
    </ClCompile>
    <ClCompile Include="stb.cpp">
      <Filter>BaseEngine\OPENGL\texture</Filter>
    </ClCompile>
    <ClCompile Include="plane.cpp">
      <Filter>BaseEngine\OPENGL\meshs\plane</Filter>
    </ClCompile>
    <ClCompile Include="texture.cpp">
      <Filter>BaseEngine\OPENGL\texture</Filter>
    </ClCompile>
    <ClCompile Include="mesh.cpp">
      <Filter>BaseEngine\OPENGL\meshs</Filter>
    </ClCompile>
    <ClCompile Include="transform.cpp">
      <Filter>BaseEngine\OPENGL\transform</Filter>
    </ClCompile>
    <ClCompile Include="window.cpp">
      <Filter>BaseEngine\OPENGL\window</Filter>
    </ClCompile>
    <ClCompile Include="camera.cpp">
      <Filter>BaseEngine\OPENGL\camera</Filter>
    </ClCompile>
  </ItemGroup>
  <ItemGroup>
    <ClInclude Include="Font_Shader.h">
      <Filter>BaseEngine\OPENGL\shader</Filter>
    </ClInclude>
    <ClInclude Include="..\..\dependeces\src\stb_image.h">
      <Filter>BaseEngine\OPENGL\texture</Filter>
    </ClInclude>
    <ClInclude Include="plane.h">
      <Filter>BaseEngine\OPENGL\meshs\plane</Filter>
    </ClInclude>
    <ClInclude Include="transform.h">
      <Filter>BaseEngine\OPENGL\transform</Filter>
    </ClInclude>
    <ClInclude Include="texture.h">
      <Filter>BaseEngine\OPENGL\texture</Filter>
    </ClInclude>
    <ClInclude Include="mesh.h">
      <Filter>BaseEngine\OPENGL\meshs</Filter>
    </ClInclude>
    <ClInclude Include="allIncludes.h">
      <Filter>BaseEngine\OPENGL</Filter>
    </ClInclude>
    <ClInclude Include="window.h">
      <Filter>BaseEngine\OPENGL\window</Filter>
    </ClInclude>
    <ClInclude Include="systemStart.h">
      <Filter>BaseEngine\OPENGL</Filter>
    </ClInclude>
    <ClInclude Include="camera.h">
      <Filter>BaseEngine\OPENGL\camera</Filter>
    </ClInclude>
    <ClInclude Include="time.h">
      <Filter>BaseEngine\OPENGL</Filter>
    </ClInclude>
    <ClInclude Include="GameManager.h">
      <Filter>BaseEngine\gameEngine\GameManager</Filter>
    </ClInclude>
    <ClInclude Include="game.h">
      <Filter>BaseEngine\gameEngine\Game</Filter>
    </ClInclude>
    <ClInclude Include="sprite.h">
      <Filter>BaseEngine\OPENGL\sprite</Filter>
    </ClInclude>
    <ClInclude Include="Player.h">
      <Filter>BaseEngine\gameEngine\myGameScripts\player</Filter>
    </ClInclude>
    <ClInclude Include="colliderTest.h">
      <Filter>BaseEngine\OPENGL</Filter>
    </ClInclude>
  </ItemGroup>
  <ItemGroup>
    <None Include="..\shaders\3.3.shader.fs">
      <Filter>BaseEngine\OPENGL\shader</Filter>
    </None>
    <None Include="..\shaders\3.3.shader.vs">
      <Filter>BaseEngine\OPENGL\shader</Filter>
    </None>
  </ItemGroup>
</Project>