<?xml version="1.0" encoding="utf-8"?>
<Project ToolsVersion="4.0" xmlns="http://schemas.microsoft.com/developer/msbuild/2003">
  <ItemGroup>
    <Filter Include="Arquivos de Recurso">
      <UniqueIdentifier>{67DA6AB6-F800-4c08-8B7A-83BB121AAD01}</UniqueIdentifier>
      <Extensions>rc;ico;cur;bmp;dlg;rc2;rct;bin;rgs;gif;jpg;jpeg;jpe;resx;tiff;tif;png;wav;mfcribbon-ms</Extensions>
    </Filter>
    <Filter Include="BaseEngine">
      <UniqueIdentifier>{97a6bbbd-e9f4-4bd9-b935-3cd624e5660d}</UniqueIdentifier>
    </Filter>
    <Filter Include="BaseEngine\main">
      <UniqueIdentifier>{5bd06873-a3b4-4008-8a31-18a5115526f5}</UniqueIdentifier>
    </Filter>
    <Filter Include="BaseEngine\OPENGL">
      <UniqueIdentifier>{4cc29f83-f846-4053-b8fb-1f79345d7be3}</UniqueIdentifier>
    </Filter>
    <Filter Include="BaseEngine\OPENGL\shader">
      <UniqueIdentifier>{7c05b330-7bcc-4aec-85bf-7115088a9282}</UniqueIdentifier>
    </Filter>
    <Filter Include="BaseEngine\OPENGL\texture">
      <UniqueIdentifier>{b891de55-f8b3-4bbe-a361-b4ee9138ddd4}</UniqueIdentifier>
    </Filter>
    <Filter Include="BaseEngine\OPENGL\meshs">
      <UniqueIdentifier>{f13aa049-c37b-468c-b1e7-21bf266a21cf}</UniqueIdentifier>
    </Filter>
    <Filter Include="BaseEngine\OPENGL\meshs\plane">
      <UniqueIdentifier>{025b0fe3-ae4f-4c47-a567-5bd9cba9ecad}</UniqueIdentifier>
    </Filter>
  </ItemGroup>
  <ItemGroup>
    <ClCompile Include="glad.c">
      <Filter>Arquivos de Recurso</Filter>
    </ClCompile>
    <ClCompile Include="main.cpp">
      <Filter>BaseEngine\main</Filter>
    </ClCompile>
    <ClCompile Include="stb.cpp">
      <Filter>BaseEngine\OPENGL\texture</Filter>
    </ClCompile>
    <ClCompile Include="plane.cpp">
      <Filter>BaseEngine\OPENGL\meshs\plane</Filter>
    </ClCompile>
  </ItemGroup>
  <ItemGroup>
    <ClInclude Include="Font_Shader.h">
      <Filter>BaseEngine\OPENGL\shader</Filter>
    </ClInclude>
    <ClInclude Include="..\..\dependeces\src\stb_image.h">
      <Filter>BaseEngine\OPENGL\texture</Filter>
    </ClInclude>
    <ClInclude Include="plane.h">
      <Filter>BaseEngine\OPENGL\meshs\plane</Filter>
    </ClInclude>
  </ItemGroup>
  <ItemGroup>
    <None Include="..\shaders\3.3.shader.fs">
      <Filter>BaseEngine\OPENGL\shader</Filter>
    </None>
    <None Include="..\shaders\3.3.shader.vs">
      <Filter>BaseEngine\OPENGL\shader</Filter>
    </None>
    <None Include="..\..\..\openglOLD\Base_OpenGL_Atual(GLEW)\shaders\SHADER.frag">
      <Filter>BaseEngine\OPENGL\shader</Filter>
    </None>
    <None Include="..\..\..\openglOLD\Base_OpenGL_Atual(GLEW)\shaders\SHADER.vs">
      <Filter>BaseEngine\OPENGL\shader</Filter>
    </None>
  </ItemGroup>
</Project>